{
  "version": 4,
  "terraform_version": "1.12.2",
  "serial": 111,
  "lineage": "aa0df69e-e041-a7ee-2227-e47ee3c58a24",
  "outputs": {
    "public_ips": {
      "value": [
        "108.142.232.251",
        "128.251.207.166"
      ],
      "type": [
        "tuple",
        [
          "string",
          "string"
        ]
      ]
    }
  },
  "resources": [
    {
      "mode": "data",
      "type": "azurerm_resource_group",
      "name": "rg",
      "provider": "provider[\"registry.terraform.io/hashicorp/azurerm\"]",
      "instances": [
        {
          "schema_version": 0,
          "attributes": {
            "id": "/subscriptions/c064671c-8f74-4fec-b088-b53c568245eb/resourceGroups/s1187594",
            "location": "westeurope",
            "managed_by": "",
            "name": "s1187594",
            "tags": {},
            "timeouts": null
          },
          "sensitive_attributes": [],
          "identity_schema_version": 0
        }
      ]
    },
    {
      "mode": "managed",
      "type": "azurerm_linux_virtual_machine",
      "name": "vm",
      "provider": "provider[\"registry.terraform.io/hashicorp/azurerm\"]",
      "instances": [
        {
          "index_key": 0,
          "schema_version": 0,
          "attributes": {
            "additional_capabilities": [],
            "admin_password": null,
            "admin_ssh_key": [
              {
                "public_key": "ssh-ed25519 AAAAC3NzaC1lZDI1NTE5AAAAIKFgrDqaHvXaET9MacvdVFCff3ealr5JBe3/3K44EfvS student@DESKTOP-1NUD89T\n",
                "username": "iac"
              }
            ],
            "admin_username": "iac",
            "allow_extension_operations": true,
            "availability_set_id": "",
            "boot_diagnostics": [],
            "bypass_platform_safety_checks_on_user_schedule_enabled": false,
            "capacity_reservation_group_id": "",
            "computer_name": "ubuntu-vm-1",
            "custom_data": "I2Nsb3VkLWNvbmZpZw0KdXNlcnM6DQogIC0gbmFtZTogaWFjDQogICAgc2hlbGw6IC9iaW4vYmFzaA0KICAgIHN1ZG86IFsiQUxMPShBTEwpIE5PUEFTU1dEOkFMTCJdDQogICAgc3NoX2F1dGhvcml6ZWRfa2V5czoNCiAgICAgIC0gc3NoLWVkMjU1MTkgQUFBQUMzTnphQzFsWkRJMU5URTVBQUFBSUtGZ3JEcWFIdlhhRVQ5TWFjdmRWRkNmZjNlYWxyNUpCZTMvM0s0NEVmdlMgc3R1ZGVudEBERVNLVE9QLTFOVUQ4OVQKDQoNCndyaXRlX2ZpbGVzOg0KICAtIHBhdGg6IC9ob21lL2lhYy9oZWxsby50eHQNCiAgICBjb250ZW50OiB8DQogICAgICBIZWxsbyBXb3JsZA0KICAgIG93bmVyOiBpYWM6aWFjDQogICAgcGVybWlzc2lvbnM6ICcwNjQ0Jw0KDQpydW5jbWQ6DQogIC0gY2hvd24gLVIgaWFjOmlhYyAvaG9tZS9pYWMNCg==",
            "dedicated_host_group_id": "",
            "dedicated_host_id": "",
            "disable_password_authentication": true,
            "disk_controller_type": "SCSI",
            "edge_zone": "",
            "encryption_at_host_enabled": false,
            "eviction_policy": "",
            "extensions_time_budget": "PT1H30M",
            "gallery_application": [],
            "id": "/subscriptions/c064671c-8f74-4fec-b088-b53c568245eb/resourceGroups/s1187594/providers/Microsoft.Compute/virtualMachines/ubuntu-vm-1",
            "identity": [],
            "license_type": "",
            "location": "westeurope",
            "max_bid_price": -1,
            "name": "ubuntu-vm-1",
            "network_interface_ids": [
              "/subscriptions/c064671c-8f74-4fec-b088-b53c568245eb/resourceGroups/s1187594/providers/Microsoft.Network/networkInterfaces/nic-ubuntu-1"
            ],
            "os_disk": [
              {
                "caching": "ReadWrite",
                "diff_disk_settings": [],
                "disk_encryption_set_id": "",
                "disk_size_gb": 30,
                "name": "ubuntu-vm-1_OsDisk_1_48a870926039452e8c1d258b11c174d0",
                "secure_vm_disk_encryption_set_id": "",
                "security_encryption_type": "",
                "storage_account_type": "Standard_LRS",
                "write_accelerator_enabled": false
              }
            ],
            "os_image_notification": [],
            "patch_assessment_mode": "ImageDefault",
            "patch_mode": "ImageDefault",
            "plan": [],
            "platform_fault_domain": -1,
            "priority": "Regular",
            "private_ip_address": "10.0.1.5",
            "private_ip_addresses": [
              "10.0.1.5"
            ],
            "provision_vm_agent": true,
            "proximity_placement_group_id": "",
            "public_ip_address": "108.142.232.251",
            "public_ip_addresses": [
              "108.142.232.251"
            ],
            "reboot_setting": "",
            "resource_group_name": "s1187594",
            "secret": [],
            "secure_boot_enabled": false,
            "size": "Standard_DS1_v2",
            "source_image_id": "",
            "source_image_reference": [
              {
                "offer": "0001-com-ubuntu-server-jammy",
                "publisher": "Canonical",
                "sku": "22_04-lts-gen2",
                "version": "latest"
              }
            ],
            "tags": null,
            "termination_notification": null,
            "timeouts": null,
            "user_data": "",
            "virtual_machine_id": "f2fafcb0-c844-4a08-b5e7-0ae45d4fc238",
            "virtual_machine_scale_set_id": "",
            "vm_agent_platform_updates_enabled": false,
            "vtpm_enabled": false,
            "zone": ""
          },
          "sensitive_attributes": [
            [
              {
                "type": "get_attr",
                "value": "admin_password"
              }
            ],
            [
              {
                "type": "get_attr",
                "value": "custom_data"
              }
            ]
          ],
          "identity_schema_version": 0,
          "private": "eyJlMmJmYjczMC1lY2FhLTExZTYtOGY4OC0zNDM2M2JjN2M0YzAiOnsiY3JlYXRlIjoyNzAwMDAwMDAwMDAwLCJkZWxldGUiOjI3MDAwMDAwMDAwMDAsInJlYWQiOjMwMDAwMDAwMDAwMCwidXBkYXRlIjoyNzAwMDAwMDAwMDAwfX0=",
          "dependencies": [
            "azurerm_network_interface.nic",
            "azurerm_public_ip.pip",
            "azurerm_subnet.subnet",
            "azurerm_virtual_network.vnet",
            "data.azurerm_resource_group.rg"
          ]
        },
        {
          "index_key": 1,
          "schema_version": 0,
          "attributes": {
            "additional_capabilities": [],
            "admin_password": null,
            "admin_ssh_key": [
              {
                "public_key": "ssh-ed25519 AAAAC3NzaC1lZDI1NTE5AAAAIKFgrDqaHvXaET9MacvdVFCff3ealr5JBe3/3K44EfvS student@DESKTOP-1NUD89T\n",
                "username": "iac"
              }
            ],
            "admin_username": "iac",
            "allow_extension_operations": true,
            "availability_set_id": "",
            "boot_diagnostics": [],
            "bypass_platform_safety_checks_on_user_schedule_enabled": false,
            "capacity_reservation_group_id": "",
            "computer_name": "ubuntu-vm-2",
            "custom_data": "I2Nsb3VkLWNvbmZpZw0KdXNlcnM6DQogIC0gbmFtZTogaWFjDQogICAgc2hlbGw6IC9iaW4vYmFzaA0KICAgIHN1ZG86IFsiQUxMPShBTEwpIE5PUEFTU1dEOkFMTCJdDQogICAgc3NoX2F1dGhvcml6ZWRfa2V5czoNCiAgICAgIC0gc3NoLWVkMjU1MTkgQUFBQUMzTnphQzFsWkRJMU5URTVBQUFBSUtGZ3JEcWFIdlhhRVQ5TWFjdmRWRkNmZjNlYWxyNUpCZTMvM0s0NEVmdlMgc3R1ZGVudEBERVNLVE9QLTFOVUQ4OVQKDQoNCndyaXRlX2ZpbGVzOg0KICAtIHBhdGg6IC9ob21lL2lhYy9oZWxsby50eHQNCiAgICBjb250ZW50OiB8DQogICAgICBIZWxsbyBXb3JsZA0KICAgIG93bmVyOiBpYWM6aWFjDQogICAgcGVybWlzc2lvbnM6ICcwNjQ0Jw0KDQpydW5jbWQ6DQogIC0gY2hvd24gLVIgaWFjOmlhYyAvaG9tZS9pYWMNCg==",
            "dedicated_host_group_id": "",
            "dedicated_host_id": "",
            "disable_password_authentication": true,
            "disk_controller_type": "SCSI",
            "edge_zone": "",
            "encryption_at_host_enabled": false,
            "eviction_policy": "",
            "extensions_time_budget": "PT1H30M",
            "gallery_application": [],
            "id": "/subscriptions/c064671c-8f74-4fec-b088-b53c568245eb/resourceGroups/s1187594/providers/Microsoft.Compute/virtualMachines/ubuntu-vm-2",
            "identity": [],
            "license_type": "",
            "location": "westeurope",
            "max_bid_price": -1,
            "name": "ubuntu-vm-2",
            "network_interface_ids": [
              "/subscriptions/c064671c-8f74-4fec-b088-b53c568245eb/resourceGroups/s1187594/providers/Microsoft.Network/networkInterfaces/nic-ubuntu-2"
            ],
            "os_disk": [
              {
                "caching": "ReadWrite",
                "diff_disk_settings": [],
                "disk_encryption_set_id": "",
                "disk_size_gb": 30,
                "name": "ubuntu-vm-2_OsDisk_1_0c6aea40fd664587a7c26592297e1677",
                "secure_vm_disk_encryption_set_id": "",
                "security_encryption_type": "",
                "storage_account_type": "Standard_LRS",
                "write_accelerator_enabled": false
              }
            ],
            "os_image_notification": [],
            "patch_assessment_mode": "ImageDefault",
            "patch_mode": "ImageDefault",
            "plan": [],
            "platform_fault_domain": -1,
            "priority": "Regular",
            "private_ip_address": "10.0.1.6",
            "private_ip_addresses": [
              "10.0.1.6"
            ],
            "provision_vm_agent": true,
            "proximity_placement_group_id": "",
            "public_ip_address": "128.251.207.166",
            "public_ip_addresses": [
              "128.251.207.166"
            ],
            "reboot_setting": "",
            "resource_group_name": "s1187594",
            "secret": [],
            "secure_boot_enabled": false,
            "size": "Standard_DS1_v2",
            "source_image_id": "",
            "source_image_reference": [
              {
                "offer": "0001-com-ubuntu-server-jammy",
                "publisher": "Canonical",
                "sku": "22_04-lts-gen2",
                "version": "latest"
              }
            ],
            "tags": null,
            "termination_notification": null,
            "timeouts": null,
            "user_data": "",
            "virtual_machine_id": "f375ddd7-f74d-47eb-84b1-bc6d134b16bf",
            "virtual_machine_scale_set_id": "",
            "vm_agent_platform_updates_enabled": false,
            "vtpm_enabled": false,
            "zone": ""
          },
          "sensitive_attributes": [
            [
              {
                "type": "get_attr",
                "value": "admin_password"
              }
            ],
            [
              {
                "type": "get_attr",
                "value": "custom_data"
              }
            ]
          ],
          "identity_schema_version": 0,
          "private": "eyJlMmJmYjczMC1lY2FhLTExZTYtOGY4OC0zNDM2M2JjN2M0YzAiOnsiY3JlYXRlIjoyNzAwMDAwMDAwMDAwLCJkZWxldGUiOjI3MDAwMDAwMDAwMDAsInJlYWQiOjMwMDAwMDAwMDAwMCwidXBkYXRlIjoyNzAwMDAwMDAwMDAwfX0=",
          "dependencies": [
            "azurerm_network_interface.nic",
            "azurerm_public_ip.pip",
            "azurerm_subnet.subnet",
            "azurerm_virtual_network.vnet",
            "data.azurerm_resource_group.rg"
          ]
        }
      ]
    },
    {
      "mode": "managed",
      "type": "azurerm_network_interface",
      "name": "nic",
      "provider": "provider[\"registry.terraform.io/hashicorp/azurerm\"]",
      "instances": [
        {
          "index_key": 0,
          "schema_version": 0,
          "attributes": {
            "accelerated_networking_enabled": false,
            "applied_dns_servers": [],
            "auxiliary_mode": "",
            "auxiliary_sku": "",
            "dns_servers": [],
            "edge_zone": "",
            "id": "/subscriptions/c064671c-8f74-4fec-b088-b53c568245eb/resourceGroups/s1187594/providers/Microsoft.Network/networkInterfaces/nic-ubuntu-1",
            "internal_dns_name_label": "",
            "internal_domain_name_suffix": "pkjhtwlu4ppe1jczrnxm3zc2kb.ax.internal.cloudapp.net",
            "ip_configuration": [
              {
                "gateway_load_balancer_frontend_ip_configuration_id": "",
                "name": "ipconf",
                "primary": true,
                "private_ip_address": "10.0.1.5",
                "private_ip_address_allocation": "Dynamic",
                "private_ip_address_version": "IPv4",
                "public_ip_address_id": "/subscriptions/c064671c-8f74-4fec-b088-b53c568245eb/resourceGroups/s1187594/providers/Microsoft.Network/publicIPAddresses/pip-ubuntu-1",
                "subnet_id": "/subscriptions/c064671c-8f74-4fec-b088-b53c568245eb/resourceGroups/s1187594/providers/Microsoft.Network/virtualNetworks/vnet-ubuntu/subnets/subnet-ubuntu"
              }
            ],
            "ip_forwarding_enabled": false,
            "location": "westeurope",
            "mac_address": "",
            "name": "nic-ubuntu-1",
            "private_ip_address": "10.0.1.5",
            "private_ip_addresses": [
              "10.0.1.5"
            ],
            "resource_group_name": "s1187594",
            "tags": {},
            "timeouts": null,
            "virtual_machine_id": ""
          },
          "sensitive_attributes": [],
          "identity_schema_version": 0,
          "private": "eyJlMmJmYjczMC1lY2FhLTExZTYtOGY4OC0zNDM2M2JjN2M0YzAiOnsiY3JlYXRlIjoxODAwMDAwMDAwMDAwLCJkZWxldGUiOjE4MDAwMDAwMDAwMDAsInJlYWQiOjMwMDAwMDAwMDAwMCwidXBkYXRlIjoxODAwMDAwMDAwMDAwfX0=",
          "dependencies": [
            "azurerm_public_ip.pip",
            "azurerm_subnet.subnet",
            "azurerm_virtual_network.vnet",
            "data.azurerm_resource_group.rg"
          ]
        },
        {
          "index_key": 1,
          "schema_version": 0,
          "attributes": {
            "accelerated_networking_enabled": false,
            "applied_dns_servers": [],
            "auxiliary_mode": "",
            "auxiliary_sku": "",
            "dns_servers": [],
            "edge_zone": "",
            "id": "/subscriptions/c064671c-8f74-4fec-b088-b53c568245eb/resourceGroups/s1187594/providers/Microsoft.Network/networkInterfaces/nic-ubuntu-2",
            "internal_dns_name_label": "",
            "internal_domain_name_suffix": "pkjhtwlu4ppe1jczrnxm3zc2kb.ax.internal.cloudapp.net",
            "ip_configuration": [
              {
                "gateway_load_balancer_frontend_ip_configuration_id": "",
                "name": "ipconf",
                "primary": true,
                "private_ip_address": "10.0.1.6",
                "private_ip_address_allocation": "Dynamic",
                "private_ip_address_version": "IPv4",
                "public_ip_address_id": "/subscriptions/c064671c-8f74-4fec-b088-b53c568245eb/resourceGroups/s1187594/providers/Microsoft.Network/publicIPAddresses/pip-ubuntu-2",
                "subnet_id": "/subscriptions/c064671c-8f74-4fec-b088-b53c568245eb/resourceGroups/s1187594/providers/Microsoft.Network/virtualNetworks/vnet-ubuntu/subnets/subnet-ubuntu"
              }
            ],
            "ip_forwarding_enabled": false,
            "location": "westeurope",
            "mac_address": "",
            "name": "nic-ubuntu-2",
            "private_ip_address": "10.0.1.6",
            "private_ip_addresses": [
              "10.0.1.6"
            ],
            "resource_group_name": "s1187594",
            "tags": {},
            "timeouts": null,
            "virtual_machine_id": ""
          },
          "sensitive_attributes": [],
          "identity_schema_version": 0,
          "private": "eyJlMmJmYjczMC1lY2FhLTExZTYtOGY4OC0zNDM2M2JjN2M0YzAiOnsiY3JlYXRlIjoxODAwMDAwMDAwMDAwLCJkZWxldGUiOjE4MDAwMDAwMDAwMDAsInJlYWQiOjMwMDAwMDAwMDAwMCwidXBkYXRlIjoxODAwMDAwMDAwMDAwfX0=",
          "dependencies": [
            "azurerm_public_ip.pip",
            "azurerm_subnet.subnet",
            "azurerm_virtual_network.vnet",
            "data.azurerm_resource_group.rg"
          ]
        }
      ]
    },
    {
      "mode": "managed",
      "type": "azurerm_network_interface_security_group_association",
      "name": "nic_nsg",
      "provider": "provider[\"registry.terraform.io/hashicorp/azurerm\"]",
      "instances": [
        {
          "index_key": 0,
          "schema_version": 0,
          "attributes": {
            "id": "/subscriptions/c064671c-8f74-4fec-b088-b53c568245eb/resourceGroups/s1187594/providers/Microsoft.Network/networkInterfaces/nic-ubuntu-1|/subscriptions/c064671c-8f74-4fec-b088-b53c568245eb/resourceGroups/s1187594/providers/Microsoft.Network/networkSecurityGroups/nsg-ubuntu",
            "network_interface_id": "/subscriptions/c064671c-8f74-4fec-b088-b53c568245eb/resourceGroups/s1187594/providers/Microsoft.Network/networkInterfaces/nic-ubuntu-1",
            "network_security_group_id": "/subscriptions/c064671c-8f74-4fec-b088-b53c568245eb/resourceGroups/s1187594/providers/Microsoft.Network/networkSecurityGroups/nsg-ubuntu",
            "timeouts": null
          },
          "sensitive_attributes": [],
          "identity_schema_version": 0,
          "private": "eyJlMmJmYjczMC1lY2FhLTExZTYtOGY4OC0zNDM2M2JjN2M0YzAiOnsiY3JlYXRlIjoxODAwMDAwMDAwMDAwLCJkZWxldGUiOjE4MDAwMDAwMDAwMDAsInJlYWQiOjMwMDAwMDAwMDAwMH19",
          "dependencies": [
            "azurerm_network_interface.nic",
            "azurerm_network_security_group.nsg",
            "azurerm_public_ip.pip",
            "azurerm_subnet.subnet",
            "azurerm_virtual_network.vnet",
            "data.azurerm_resource_group.rg"
          ]
        },
        {
          "index_key": 1,
          "schema_version": 0,
          "attributes": {
            "id": "/subscriptions/c064671c-8f74-4fec-b088-b53c568245eb/resourceGroups/s1187594/providers/Microsoft.Network/networkInterfaces/nic-ubuntu-2|/subscriptions/c064671c-8f74-4fec-b088-b53c568245eb/resourceGroups/s1187594/providers/Microsoft.Network/networkSecurityGroups/nsg-ubuntu",
            "network_interface_id": "/subscriptions/c064671c-8f74-4fec-b088-b53c568245eb/resourceGroups/s1187594/providers/Microsoft.Network/networkInterfaces/nic-ubuntu-2",
            "network_security_group_id": "/subscriptions/c064671c-8f74-4fec-b088-b53c568245eb/resourceGroups/s1187594/providers/Microsoft.Network/networkSecurityGroups/nsg-ubuntu",
            "timeouts": null
          },
          "sensitive_attributes": [],
          "identity_schema_version": 0,
          "private": "eyJlMmJmYjczMC1lY2FhLTExZTYtOGY4OC0zNDM2M2JjN2M0YzAiOnsiY3JlYXRlIjoxODAwMDAwMDAwMDAwLCJkZWxldGUiOjE4MDAwMDAwMDAwMDAsInJlYWQiOjMwMDAwMDAwMDAwMH19",
          "dependencies": [
            "azurerm_network_interface.nic",
            "azurerm_network_security_group.nsg",
            "azurerm_public_ip.pip",
            "azurerm_subnet.subnet",
            "azurerm_virtual_network.vnet",
            "data.azurerm_resource_group.rg"
          ]
        }
      ]
    },
    {
      "mode": "managed",
      "type": "azurerm_network_security_group",
      "name": "nsg",
      "provider": "provider[\"registry.terraform.io/hashicorp/azurerm\"]",
      "instances": [
        {
          "schema_version": 0,
          "attributes": {
            "id": "/subscriptions/c064671c-8f74-4fec-b088-b53c568245eb/resourceGroups/s1187594/providers/Microsoft.Network/networkSecurityGroups/nsg-ubuntu",
            "location": "westeurope",
            "name": "nsg-ubuntu",
            "resource_group_name": "s1187594",
            "security_rule": [
              {
                "access": "Allow",
                "description": "",
                "destination_address_prefix": "*",
                "destination_address_prefixes": [],
                "destination_application_security_group_ids": [],
                "destination_port_range": "22",
                "destination_port_ranges": [],
                "direction": "Inbound",
                "name": "Allow-SSH",
                "priority": 1000,
                "protocol": "Tcp",
                "source_address_prefix": "*",
                "source_address_prefixes": [],
                "source_application_security_group_ids": [],
                "source_port_range": "*",
                "source_port_ranges": []
              }
            ],
            "tags": {},
            "timeouts": null
          },
          "sensitive_attributes": [],
          "identity_schema_version": 0,
          "private": "eyJlMmJmYjczMC1lY2FhLTExZTYtOGY4OC0zNDM2M2JjN2M0YzAiOnsiY3JlYXRlIjoxODAwMDAwMDAwMDAwLCJkZWxldGUiOjE4MDAwMDAwMDAwMDAsInJlYWQiOjMwMDAwMDAwMDAwMCwidXBkYXRlIjoxODAwMDAwMDAwMDAwfX0=",
          "dependencies": [
            "data.azurerm_resource_group.rg"
          ]
        }
      ]
    },
    {
      "mode": "managed",
      "type": "azurerm_public_ip",
      "name": "pip",
      "provider": "provider[\"registry.terraform.io/hashicorp/azurerm\"]",
      "instances": [
        {
          "index_key": 0,
          "schema_version": 0,
          "attributes": {
            "allocation_method": "Static",
            "ddos_protection_mode": "VirtualNetworkInherited",
            "ddos_protection_plan_id": null,
            "domain_name_label": null,
            "edge_zone": "",
            "fqdn": null,
            "id": "/subscriptions/c064671c-8f74-4fec-b088-b53c568245eb/resourceGroups/s1187594/providers/Microsoft.Network/publicIPAddresses/pip-ubuntu-1",
            "idle_timeout_in_minutes": 4,
            "ip_address": "108.142.232.251",
            "ip_tags": {},
            "ip_version": "IPv4",
            "location": "westeurope",
            "name": "pip-ubuntu-1",
            "public_ip_prefix_id": null,
            "resource_group_name": "s1187594",
            "reverse_fqdn": null,
            "sku": "Standard",
            "sku_tier": "Regional",
            "tags": {},
            "timeouts": null,
            "zones": []
          },
          "sensitive_attributes": [],
          "identity_schema_version": 0,
          "private": "eyJlMmJmYjczMC1lY2FhLTExZTYtOGY4OC0zNDM2M2JjN2M0YzAiOnsiY3JlYXRlIjoxODAwMDAwMDAwMDAwLCJkZWxldGUiOjE4MDAwMDAwMDAwMDAsInJlYWQiOjMwMDAwMDAwMDAwMCwidXBkYXRlIjoxODAwMDAwMDAwMDAwfX0=",
          "dependencies": [
            "data.azurerm_resource_group.rg"
          ]
        },
        {
          "index_key": 1,
          "schema_version": 0,
          "attributes": {
            "allocation_method": "Static",
            "ddos_protection_mode": "VirtualNetworkInherited",
            "ddos_protection_plan_id": null,
            "domain_name_label": null,
            "edge_zone": "",
            "fqdn": null,
            "id": "/subscriptions/c064671c-8f74-4fec-b088-b53c568245eb/resourceGroups/s1187594/providers/Microsoft.Network/publicIPAddresses/pip-ubuntu-2",
            "idle_timeout_in_minutes": 4,
            "ip_address": "128.251.207.166",
            "ip_tags": {},
            "ip_version": "IPv4",
            "location": "westeurope",
            "name": "pip-ubuntu-2",
            "public_ip_prefix_id": null,
            "resource_group_name": "s1187594",
            "reverse_fqdn": null,
            "sku": "Standard",
            "sku_tier": "Regional",
            "tags": {},
            "timeouts": null,
            "zones": []
          },
          "sensitive_attributes": [],
          "identity_schema_version": 0,
          "private": "eyJlMmJmYjczMC1lY2FhLTExZTYtOGY4OC0zNDM2M2JjN2M0YzAiOnsiY3JlYXRlIjoxODAwMDAwMDAwMDAwLCJkZWxldGUiOjE4MDAwMDAwMDAwMDAsInJlYWQiOjMwMDAwMDAwMDAwMCwidXBkYXRlIjoxODAwMDAwMDAwMDAwfX0=",
          "dependencies": [
            "data.azurerm_resource_group.rg"
          ]
        }
      ]
    },
    {
      "mode": "managed",
      "type": "azurerm_subnet",
      "name": "subnet",
      "provider": "provider[\"registry.terraform.io/hashicorp/azurerm\"]",
      "instances": [
        {
          "schema_version": 0,
          "attributes": {
            "address_prefixes": [
              "10.0.1.0/24"
            ],
            "default_outbound_access_enabled": true,
            "delegation": [],
            "id": "/subscriptions/c064671c-8f74-4fec-b088-b53c568245eb/resourceGroups/s1187594/providers/Microsoft.Network/virtualNetworks/vnet-ubuntu/subnets/subnet-ubuntu",
            "name": "subnet-ubuntu",
            "private_endpoint_network_policies": "Disabled",
            "private_link_service_network_policies_enabled": true,
            "resource_group_name": "s1187594",
            "service_endpoint_policy_ids": [],
            "service_endpoints": [],
            "timeouts": null,
            "virtual_network_name": "vnet-ubuntu"
          },
          "sensitive_attributes": [],
          "identity_schema_version": 0,
          "private": "eyJlMmJmYjczMC1lY2FhLTExZTYtOGY4OC0zNDM2M2JjN2M0YzAiOnsiY3JlYXRlIjoxODAwMDAwMDAwMDAwLCJkZWxldGUiOjE4MDAwMDAwMDAwMDAsInJlYWQiOjMwMDAwMDAwMDAwMCwidXBkYXRlIjoxODAwMDAwMDAwMDAwfSwic2NoZW1hX3ZlcnNpb24iOiIwIn0=",
          "dependencies": [
            "azurerm_virtual_network.vnet",
            "data.azurerm_resource_group.rg"
          ]
        }
      ]
    },
    {
      "mode": "managed",
      "type": "azurerm_virtual_network",
      "name": "vnet",
      "provider": "provider[\"registry.terraform.io/hashicorp/azurerm\"]",
      "instances": [
        {
          "schema_version": 0,
          "attributes": {
            "address_space": [
              "10.0.0.0/16"
            ],
            "bgp_community": "",
            "ddos_protection_plan": [],
            "dns_servers": [],
            "edge_zone": "",
            "encryption": [],
            "flow_timeout_in_minutes": 0,
            "guid": "d979927a-f374-4dde-a459-8b6ecee45c51",
            "id": "/subscriptions/c064671c-8f74-4fec-b088-b53c568245eb/resourceGroups/s1187594/providers/Microsoft.Network/virtualNetworks/vnet-ubuntu",
            "location": "westeurope",
            "name": "vnet-ubuntu",
            "resource_group_name": "s1187594",
            "subnet": [
              {
                "address_prefixes": [
                  "10.0.1.0/24"
                ],
                "default_outbound_access_enabled": true,
                "delegation": [],
                "id": "/subscriptions/c064671c-8f74-4fec-b088-b53c568245eb/resourceGroups/s1187594/providers/Microsoft.Network/virtualNetworks/vnet-ubuntu/subnets/subnet-ubuntu",
                "name": "subnet-ubuntu",
                "private_endpoint_network_policies": "Disabled",
                "private_link_service_network_policies_enabled": true,
                "route_table_id": "",
                "security_group": "",
                "service_endpoint_policy_ids": [],
                "service_endpoints": []
              }
            ],
            "tags": {},
            "timeouts": null
          },
          "sensitive_attributes": [],
          "identity_schema_version": 0,
          "private": "eyJlMmJmYjczMC1lY2FhLTExZTYtOGY4OC0zNDM2M2JjN2M0YzAiOnsiY3JlYXRlIjoxODAwMDAwMDAwMDAwLCJkZWxldGUiOjE4MDAwMDAwMDAwMDAsInJlYWQiOjMwMDAwMDAwMDAwMCwidXBkYXRlIjoxODAwMDAwMDAwMDAwfSwic2NoZW1hX3ZlcnNpb24iOiIwIn0=",
          "dependencies": [
            "data.azurerm_resource_group.rg"
          ]
        }
      ]
    },
    {
      "mode": "managed",
      "type": "local_file",
      "name": "vm_ips",
      "provider": "provider[\"registry.terraform.io/hashicorp/local\"]",
      "instances": [
        {
          "schema_version": 0,
          "attributes": {
            "content": "108.142.232.251\n128.251.207.166",
            "content_base64": null,
            "content_base64sha256": "ftH73UD0jZVr4A1AFF6fvmToDeuCUkKVQJapd/x1pYw=",
            "content_base64sha512": "NnUqUEfezyVzMb30KzwNy9Mrp9LuXwj6I8Q0H4pV4lKDBoZEMyuZKVGeFzDzBvFA9HaW+/KPGgtsl/pqc44gSg==",
            "content_md5": "350ae1db5ed3c09836fe61d33d7e8e0c",
            "content_sha1": "163c448d24ac7b102ddeee2855196210f7ba71be",
            "content_sha256": "7ed1fbdd40f48d956be00d40145e9fbe64e80deb825242954096a977fc75a58c",
            "content_sha512": "36752a5047decf257331bdf42b3c0dcbd32ba7d2ee5f08fa23c4341f8a55e25283068644332b9929519e1730f306f140f47696fbf28f1a0b6c97fa6a738e204a",
            "directory_permission": "0777",
            "file_permission": "0777",
            "filename": "./azure-ips.txt",
            "id": "163c448d24ac7b102ddeee2855196210f7ba71be",
            "sensitive_content": null,
            "source": null
          },
          "sensitive_attributes": [
            [
              {
                "type": "get_attr",
                "value": "sensitive_content"
              }
            ]
          ],
          "identity_schema_version": 0,
          "dependencies": [
            "azurerm_public_ip.pip",
            "data.azurerm_resource_group.rg"
          ]
        }
      ]
    }
  ],
  "check_results": null
}
