{
  "version": 4,
  "terraform_version": "1.12.2",
  "serial": 44,
  "lineage": "26bc6a68-b1be-43c0-d6d5-578c024bdf66",
  "outputs": {
    "database_ip": {
      "value": "192.168.1.26",
      "type": "string"
    },
    "dbserver_ip": {
      "value": "192.168.1.26",
      "type": "string"
    },
    "webserver_ips": {
      "value": [
        "192.168.1.24",
        "192.168.1.25"
      ],
      "type": [
        "tuple",
        [
          "string",
          "string"
        ]
      ]
    },
    "webservers_ips": {
      "value": [
        "192.168.1.24",
        "192.168.1.25"
      ],
      "type": [
        "tuple",
        [
          "string",
          "string"
        ]
      ]
    }
  },
  "resources": [
    {
      "mode": "managed",
      "type": "esxi_guest",
      "name": "dbserver",
      "provider": "provider[\"registry.terraform.io/josenk/esxi\"]",
      "instances": [
        {
          "schema_version": 0,
          "attributes": {
            "boot_disk_size": null,
            "boot_disk_type": "thin",
            "boot_firmware": "bios",
            "clone_from_vm": null,
            "disk_store": "datastore1",
            "guest_name": "databaseserver",
            "guest_shutdown_timeout": 20,
            "guest_startup_timeout": 120,
            "guestinfo": {
              "userdata": "I2Nsb3VkLWNvbmZpZwp1c2VyczoKICAtIG5hbWU6IGlhYwogICAgZ3JvdXBzOiBbc3Vkb10KICAgIHNoZWxsOiAvYmluL2Jhc2gKICAgIHN1ZG86IFsiQUxMPShBTEwpIE5PUEFTU1dEOkFMTCJdCiAgICBzc2hfYXV0aG9yaXplZF9rZXlzOgogICAgICAtIHNzaC1lZDI1NTE5IEFBQUFDM056YUMxbFpESTFOVEU1QUFBQUlEK2Zsb25ZaUxpVlNlVmxDU0JOVUcwWHlzQ3pWRDNzMDA0QWhlNW84WE82Cgpzc2hfcHdhdXRoOiBmYWxzZQpkaXNhYmxlX3Jvb3Q6IHRydWUKCnBhY2thZ2VfdXBkYXRlOiB0cnVlCnBhY2thZ2VzOgogIC0gb3Blbi12bS10b29scwogIC0gd2dldAogIC0gbnRwZGF0ZQoKcnVuY21kOgogIC0gc3lzdGVtY3RsIGVuYWJsZSAtLW5vdyBvcGVuLXZtLXRvb2xzIHx8IHRydWUKICAtIG50cGRhdGUgLXUgcG9vbC5udHAub3JnIHx8IHRydWUK",
              "userdata.encoding": "base64"
            },
            "guestos": "ubuntu-64",
            "host_ovf": null,
            "id": "16",
            "ip_address": "192.168.1.26",
            "memsize": "2048",
            "network_interfaces": [
              {
                "mac_address": "",
                "nic_type": "e1000",
                "virtual_network": "VM Network"
              }
            ],
            "notes": "",
            "numvcpus": "1",
            "ovf_properties": [],
            "ovf_properties_timer": 90,
            "ovf_source": "https://cloud-images.ubuntu.com/releases/24.04/release/ubuntu-24.04-server-cloudimg-amd64.ova",
            "power": "on",
            "resource_pool_name": "/",
            "virthwver": "10",
            "virtual_disks": []
          },
          "sensitive_attributes": [],
          "identity_schema_version": 0,
          "private": "bnVsbA=="
        }
      ]
    },
    {
      "mode": "managed",
      "type": "esxi_guest",
      "name": "webservers",
      "provider": "provider[\"registry.terraform.io/josenk/esxi\"]",
      "instances": [
        {
          "index_key": 0,
          "schema_version": 0,
          "attributes": {
            "boot_disk_size": null,
            "boot_disk_type": "thin",
            "boot_firmware": "bios",
            "clone_from_vm": null,
            "disk_store": "datastore1",
            "guest_name": "webserver-1",
            "guest_shutdown_timeout": 20,
            "guest_startup_timeout": 120,
            "guestinfo": {
              "userdata": "I2Nsb3VkLWNvbmZpZwp1c2VyczoKICAtIG5hbWU6IGlhYwogICAgZ3JvdXBzOiBbc3Vkb10KICAgIHNoZWxsOiAvYmluL2Jhc2gKICAgIHN1ZG86IFsiQUxMPShBTEwpIE5PUEFTU1dEOkFMTCJdCiAgICBzc2hfYXV0aG9yaXplZF9rZXlzOgogICAgICAtIHNzaC1lZDI1NTE5IEFBQUFDM056YUMxbFpESTFOVEU1QUFBQUlEK2Zsb25ZaUxpVlNlVmxDU0JOVUcwWHlzQ3pWRDNzMDA0QWhlNW84WE82Cgpzc2hfcHdhdXRoOiBmYWxzZQpkaXNhYmxlX3Jvb3Q6IHRydWUKCnBhY2thZ2VfdXBkYXRlOiB0cnVlCnBhY2thZ2VzOgogIC0gb3Blbi12bS10b29scwogIC0gd2dldAogIC0gbnRwZGF0ZQoKcnVuY21kOgogIC0gc3lzdGVtY3RsIGVuYWJsZSAtLW5vdyBvcGVuLXZtLXRvb2xzIHx8IHRydWUKICAtIG50cGRhdGUgLXUgcG9vbC5udHAub3JnIHx8IHRydWUK",
              "userdata.encoding": "base64"
            },
            "guestos": "ubuntu-64",
            "host_ovf": null,
            "id": "15",
            "ip_address": "192.168.1.24",
            "memsize": "2048",
            "network_interfaces": [
              {
                "mac_address": "",
                "nic_type": "e1000",
                "virtual_network": "VM Network"
              }
            ],
            "notes": "",
            "numvcpus": "1",
            "ovf_properties": [],
            "ovf_properties_timer": 90,
            "ovf_source": "https://cloud-images.ubuntu.com/releases/24.04/release/ubuntu-24.04-server-cloudimg-amd64.ova",
            "power": "on",
            "resource_pool_name": "/",
            "virthwver": "10",
            "virtual_disks": []
          },
          "sensitive_attributes": [],
          "identity_schema_version": 0,
          "private": "bnVsbA=="
        },
        {
          "index_key": 1,
          "schema_version": 0,
          "attributes": {
            "boot_disk_size": null,
            "boot_disk_type": "thin",
            "boot_firmware": "bios",
            "clone_from_vm": null,
            "disk_store": "datastore1",
            "guest_name": "webserver-2",
            "guest_shutdown_timeout": 20,
            "guest_startup_timeout": 120,
            "guestinfo": {
              "userdata": "I2Nsb3VkLWNvbmZpZwp1c2VyczoKICAtIG5hbWU6IGlhYwogICAgZ3JvdXBzOiBbc3Vkb10KICAgIHNoZWxsOiAvYmluL2Jhc2gKICAgIHN1ZG86IFsiQUxMPShBTEwpIE5PUEFTU1dEOkFMTCJdCiAgICBzc2hfYXV0aG9yaXplZF9rZXlzOgogICAgICAtIHNzaC1lZDI1NTE5IEFBQUFDM056YUMxbFpESTFOVEU1QUFBQUlEK2Zsb25ZaUxpVlNlVmxDU0JOVUcwWHlzQ3pWRDNzMDA0QWhlNW84WE82Cgpzc2hfcHdhdXRoOiBmYWxzZQpkaXNhYmxlX3Jvb3Q6IHRydWUKCnBhY2thZ2VfdXBkYXRlOiB0cnVlCnBhY2thZ2VzOgogIC0gb3Blbi12bS10b29scwogIC0gd2dldAogIC0gbnRwZGF0ZQoKcnVuY21kOgogIC0gc3lzdGVtY3RsIGVuYWJsZSAtLW5vdyBvcGVuLXZtLXRvb2xzIHx8IHRydWUKICAtIG50cGRhdGUgLXUgcG9vbC5udHAub3JnIHx8IHRydWUK",
              "userdata.encoding": "base64"
            },
            "guestos": "ubuntu-64",
            "host_ovf": null,
            "id": "17",
            "ip_address": "192.168.1.25",
            "memsize": "2048",
            "network_interfaces": [
              {
                "mac_address": "",
                "nic_type": "e1000",
                "virtual_network": "VM Network"
              }
            ],
            "notes": "",
            "numvcpus": "1",
            "ovf_properties": [],
            "ovf_properties_timer": 90,
            "ovf_source": "https://cloud-images.ubuntu.com/releases/24.04/release/ubuntu-24.04-server-cloudimg-amd64.ova",
            "power": "on",
            "resource_pool_name": "/",
            "virthwver": "10",
            "virtual_disks": []
          },
          "sensitive_attributes": [],
          "identity_schema_version": 0,
          "private": "bnVsbA=="
        }
      ]
    },
    {
      "mode": "managed",
      "type": "local_file",
      "name": "vm_ips_file",
      "provider": "provider[\"registry.terraform.io/hashicorp/local\"]",
      "instances": [
        {
          "schema_version": 0,
          "attributes": {
            "content": "Database Server: 192.168.1.26\n\nWebservers:\n192.168.1.24\n192.168.1.25\n\n",
            "content_base64": null,
            "content_base64sha256": "mHRUbxn9T+DL1kf4yaMlw7tigFWaHWGZzdeQkeQasF8=",
            "content_base64sha512": "7BVFKkUr6WMxmpgS8V1PfCuKE/T0SqSDVwJl+Jo/pJy63CLc27mfFIJMpq2lDA/jR4hTNOaSWTA9vIDRA4pi+Q==",
            "content_md5": "de417c143558daf7ae677136208db75d",
            "content_sha1": "72a753b1a9d05b592363c1c41a4e6d224e032540",
            "content_sha256": "9874546f19fd4fe0cbd647f8c9a325c3bb6280559a1d6199cdd79091e41ab05f",
            "content_sha512": "ec15452a452be963319a9812f15d4f7c2b8a13f4f44aa483570265f89a3fa49cbadc22dcdbb99f14824ca6ada50c0fe347885334e69259303dbc80d1038a62f9",
            "directory_permission": "0777",
            "file_permission": "0777",
            "filename": "vm-ips.txt",
            "id": "72a753b1a9d05b592363c1c41a4e6d224e032540",
            "sensitive_content": null,
            "source": null
          },
          "sensitive_attributes": [
            [
              {
                "type": "get_attr",
                "value": "sensitive_content"
              }
            ]
          ],
          "identity_schema_version": 0,
          "dependencies": [
            "esxi_guest.dbserver",
            "esxi_guest.webservers"
          ]
        }
      ]
    },
    {
      "mode": "managed",
      "type": "local_file",
      "name": "write_ips_to_file",
      "provider": "provider[\"registry.terraform.io/hashicorp/local\"]",
      "instances": [
        {
          "schema_version": 0,
          "attributes": {
            "content": "Webservers:\n192.168.1.24\n192.168.1.25\n\nDatabase Server:\n192.168.1.26\n",
            "content_base64": null,
            "content_base64sha256": "WEp20sFrrHn9BfwzidLz3P+B87Eor3HJlLb1GUY6tuY=",
            "content_base64sha512": "S+6wCFM5PGc8PB8zySzZI+npvTlXGkAs+fiFjmSFIcrbefDGuZY2x49HbObG/lKKrL+QVqE1pbP6bfl6fKZhgQ==",
            "content_md5": "dff9aef65a4465a1a58fde18539d1cf9",
            "content_sha1": "434d18dabd8725228a01247c78e4ef0941fc6950",
            "content_sha256": "584a76d2c16bac79fd05fc3389d2f3dcff81f3b128af71c994b6f519463ab6e6",
            "content_sha512": "4beeb00853393c673c3c1f33c92cd923e9e9bd39571a402cf9f8858e648521cadb79f0c6b99636c78f476ce6c6fe528aacbf9056a135a5b3fa6df97a7ca66181",
            "directory_permission": "0777",
            "file_permission": "0777",
            "filename": "vm-ips.txt",
            "id": "434d18dabd8725228a01247c78e4ef0941fc6950",
            "sensitive_content": null,
            "source": null
          },
          "sensitive_attributes": [
            [
              {
                "type": "get_attr",
                "value": "sensitive_content"
              }
            ]
          ],
          "identity_schema_version": 0,
          "dependencies": [
            "esxi_guest.dbserver",
            "esxi_guest.webservers"
          ]
        }
      ]
    }
  ],
  "check_results": null
}
